
Microsoft Visual Studio Solution File, Format Version 12.00
# Visual Studio Version 16
VisualStudioVersion = 25.0.1700.0
MinimumVisualStudioVersion = 10.0.40219.1
Project("{FAE04EC0-301F-11D3-BF4B-00C04F79EFBC}") = "CLouPractice", "CLouPractice.csproj", "{52626807-36A7-4137-B89C-4D96D2618044}"
EndProject
Project("{FAE04EC0-301F-11D3-BF4B-00C04F79EFBC}") = "CodeLouisvilleLibrary", "CodeLouisvilleLibrary\CodeLouisvilleLibrary.csproj", "{FE0C6C06-5227-45F4-9FDB-04E4F5D1279E}"
EndProject
Global
	GlobalSection(SolutionConfigurationPlatforms) = preSolution
		Debug|Any CPU = Debug|Any CPU
		Release|Any CPU = Release|Any CPU
	EndGlobalSection
	GlobalSection(ProjectConfigurationPlatforms) = postSolution
		{52626807-36A7-4137-B89C-4D96D2618044}.Debug|Any CPU.ActiveCfg = Debug|Any CPU
		{52626807-36A7-4137-B89C-4D96D2618044}.Debug|Any CPU.Build.0 = Debug|Any CPU
		{52626807-36A7-4137-B89C-4D96D2618044}.Release|Any CPU.ActiveCfg = Release|Any CPU
		{52626807-36A7-4137-B89C-4D96D2618044}.Release|Any CPU.Build.0 = Release|Any CPU
		{FE0C6C06-5227-45F4-9FDB-04E4F5D1279E}.Debug|Any CPU.ActiveCfg = Debug|Any CPU
		{FE0C6C06-5227-45F4-9FDB-04E4F5D1279E}.Debug|Any CPU.Build.0 = Debug|Any CPU
		{FE0C6C06-5227-45F4-9FDB-04E4F5D1279E}.Release|Any CPU.ActiveCfg = Release|Any CPU
		{FE0C6C06-5227-45F4-9FDB-04E4F5D1279E}.Release|Any CPU.Build.0 = Release|Any CPU
	EndGlobalSection
	GlobalSection(SolutionProperties) = preSolution
		HideSolutionNode = FALSE
	EndGlobalSection
	GlobalSection(ExtensibilityGlobals) = postSolution
		SolutionGuid = {9DCE1302-6265-4CDC-9E91-25EED524F061}
	EndGlobalSection
EndGlobal
